// !$*UTF8*$!
{
	archiveVersion = 1;
	classes = {
	};
	objectVersion = 55;
	objects = {

/* Begin PBXBuildFile section */
		147349E02928ABA700E4397B /* DataLoaderTests.swift in Sources */ = {isa = PBXBuildFile; fileRef = 147349DF2928ABA700E4397B /* DataLoaderTests.swift */; };
		149AEB6E29CFFC4B007BF3D3 /* PlayerView.swift in Sources */ = {isa = PBXBuildFile; fileRef = 149AEB6D29CFFC4B007BF3D3 /* PlayerView.swift */; };
		149AEB7329CFFCC9007BF3D3 /* BaseView.swift in Sources */ = {isa = PBXBuildFile; fileRef = 149AEB7229CFFCC9007BF3D3 /* BaseView.swift */; };
		149AEB7829D004D8007BF3D3 /* MinimizedPlayerView.swift in Sources */ = {isa = PBXBuildFile; fileRef = 149AEB7729D004D8007BF3D3 /* MinimizedPlayerView.swift */; };
		149AEB7A29D00523007BF3D3 /* BottomButtons.swift in Sources */ = {isa = PBXBuildFile; fileRef = 149AEB7929D00523007BF3D3 /* BottomButtons.swift */; };
		149AEB7C29D0055E007BF3D3 /* PlayerControls.swift in Sources */ = {isa = PBXBuildFile; fileRef = 149AEB7B29D0055E007BF3D3 /* PlayerControls.swift */; };
		149AEB7E29D005D4007BF3D3 /* VolumeSliderView.swift in Sources */ = {isa = PBXBuildFile; fileRef = 149AEB7D29D005D4007BF3D3 /* VolumeSliderView.swift */; };
		14ADCBDC287D28A200152965 /* SkydogApp.swift in Sources */ = {isa = PBXBuildFile; fileRef = 14ADCBDB287D28A200152965 /* SkydogApp.swift */; };
		14ADCBE0287D28A300152965 /* Assets.xcassets in Resources */ = {isa = PBXBuildFile; fileRef = 14ADCBDF287D28A300152965 /* Assets.xcassets */; };
		14ADCBE3287D28A300152965 /* Preview Assets.xcassets in Resources */ = {isa = PBXBuildFile; fileRef = 14ADCBE2287D28A300152965 /* Preview Assets.xcassets */; };
		14ADCBED287D28A300152965 /* AudioPlayerTests.swift in Sources */ = {isa = PBXBuildFile; fileRef = 14ADCBEC287D28A300152965 /* AudioPlayerTests.swift */; };
		14ADCBF7287D28A300152965 /* SkydogUITests.swift in Sources */ = {isa = PBXBuildFile; fileRef = 14ADCBF6287D28A300152965 /* SkydogUITests.swift */; };
		14ADCBF9287D28A300152965 /* SkydogUITestsLaunchTests.swift in Sources */ = {isa = PBXBuildFile; fileRef = 14ADCBF8287D28A300152965 /* SkydogUITestsLaunchTests.swift */; };
		14ADCC23287D28EB00152965 /* String+Color.swift in Sources */ = {isa = PBXBuildFile; fileRef = 14ADCC06287D28EB00152965 /* String+Color.swift */; };
		14ADCC24287D28EB00152965 /* ArtistList.swift in Sources */ = {isa = PBXBuildFile; fileRef = 14ADCC08287D28EB00152965 /* ArtistList.swift */; };
		14ADCC25287D28EB00152965 /* SourceView.swift in Sources */ = {isa = PBXBuildFile; fileRef = 14ADCC09287D28EB00152965 /* SourceView.swift */; };
		14ADCC26287D28EB00152965 /* AlbumCell.swift in Sources */ = {isa = PBXBuildFile; fileRef = 14ADCC0B287D28EB00152965 /* AlbumCell.swift */; };
		14ADCC27287D28EB00152965 /* YearCell.swift in Sources */ = {isa = PBXBuildFile; fileRef = 14ADCC0C287D28EB00152965 /* YearCell.swift */; };
		14ADCC28287D28EB00152965 /* YearList.swift in Sources */ = {isa = PBXBuildFile; fileRef = 14ADCC0D287D28EB00152965 /* YearList.swift */; };
		14ADCC29287D28EB00152965 /* SourcePicker.swift in Sources */ = {isa = PBXBuildFile; fileRef = 14ADCC0E287D28EB00152965 /* SourcePicker.swift */; };
		14ADCC2A287D28EB00152965 /* HorizontalScrollView.swift in Sources */ = {isa = PBXBuildFile; fileRef = 14ADCC10287D28EB00152965 /* HorizontalScrollView.swift */; };
		14ADCC2B287D28EB00152965 /* ShowsScrollViewSection.swift in Sources */ = {isa = PBXBuildFile; fileRef = 14ADCC11287D28EB00152965 /* ShowsScrollViewSection.swift */; };
		14ADCC2C287D28EB00152965 /* ScrollViewHeader.swift in Sources */ = {isa = PBXBuildFile; fileRef = 14ADCC12287D28EB00152965 /* ScrollViewHeader.swift */; };
		14ADCC2D287D28EB00152965 /* YearView.swift in Sources */ = {isa = PBXBuildFile; fileRef = 14ADCC13287D28EB00152965 /* YearView.swift */; };
		14ADCC2E287D28EB00152965 /* ArtistView.swift in Sources */ = {isa = PBXBuildFile; fileRef = 14ADCC14287D28EB00152965 /* ArtistView.swift */; };
		14ADCC2F287D28EB00152965 /* ShowsList.swift in Sources */ = {isa = PBXBuildFile; fileRef = 14ADCC15287D28EB00152965 /* ShowsList.swift */; };
		14ADCC30287D28EB00152965 /* SoundboardBadge.swift in Sources */ = {isa = PBXBuildFile; fileRef = 14ADCC17287D28EB00152965 /* SoundboardBadge.swift */; };
		14ADCC31287D28EB00152965 /* RemasterBadge.swift in Sources */ = {isa = PBXBuildFile; fileRef = 14ADCC18287D28EB00152965 /* RemasterBadge.swift */; };
		14ADCC32287D28EB00152965 /* Source.swift in Sources */ = {isa = PBXBuildFile; fileRef = 14ADCC1B287D28EB00152965 /* Source.swift */; };
		14ADCC33287D28EB00152965 /* Track.swift in Sources */ = {isa = PBXBuildFile; fileRef = 14ADCC1C287D28EB00152965 /* Track.swift */; };
		14ADCC34287D28EB00152965 /* SourceSet.swift in Sources */ = {isa = PBXBuildFile; fileRef = 14ADCC1D287D28EB00152965 /* SourceSet.swift */; };
		14ADCC35287D28EB00152965 /* Year.swift in Sources */ = {isa = PBXBuildFile; fileRef = 14ADCC1E287D28EB00152965 /* Year.swift */; };
		14ADCC36287D28EB00152965 /* Venue.swift in Sources */ = {isa = PBXBuildFile; fileRef = 14ADCC1F287D28EB00152965 /* Venue.swift */; };
		14ADCC37287D28EB00152965 /* Artist.swift in Sources */ = {isa = PBXBuildFile; fileRef = 14ADCC20287D28EB00152965 /* Artist.swift */; };
		14ADCC38287D28EB00152965 /* Show.swift in Sources */ = {isa = PBXBuildFile; fileRef = 14ADCC21287D28EB00152965 /* Show.swift */; };
		14ADCC39287D28EB00152965 /* DataLoader.swift in Sources */ = {isa = PBXBuildFile; fileRef = 14ADCC22287D28EB00152965 /* DataLoader.swift */; };
		14ADCC3C287E737600152965 /* AudioPlayer.swift in Sources */ = {isa = PBXBuildFile; fileRef = 14ADCC3B287E737600152965 /* AudioPlayer.swift */; };
		14B144E929D10D9000A35245 /* AsyncContentView.swift in Sources */ = {isa = PBXBuildFile; fileRef = 14B144E829D10D9000A35245 /* AsyncContentView.swift */; };
		14B144EB29D1E03200A35245 /* SourceViewModel.swift in Sources */ = {isa = PBXBuildFile; fileRef = 14B144EA29D1E03200A35245 /* SourceViewModel.swift */; };
		14B144ED29D1E40500A35245 /* SourcePickerViewModel.swift in Sources */ = {isa = PBXBuildFile; fileRef = 14B144EC29D1E40500A35245 /* SourcePickerViewModel.swift */; };
		14B144EF29D1E6A300A35245 /* SourcePickerListItem.swift in Sources */ = {isa = PBXBuildFile; fileRef = 14B144EE29D1E6A300A35245 /* SourcePickerListItem.swift */; };
		14B144F129D1E7FD00A35245 /* SourceListItemViewModel.swift in Sources */ = {isa = PBXBuildFile; fileRef = 14B144F029D1E7FD00A35245 /* SourceListItemViewModel.swift */; };
		14B144F329D293C900A35245 /* PlaybackButton.swift in Sources */ = {isa = PBXBuildFile; fileRef = 14B144F229D293C900A35245 /* PlaybackButton.swift */; };
		14B144F729D29F6C00A35245 /* UIImage+Text.swift in Sources */ = {isa = PBXBuildFile; fileRef = 14B144F629D29F6C00A35245 /* UIImage+Text.swift */; };
		14BD4E0329C42F0E00113DED /* ShowViewModel.swift in Sources */ = {isa = PBXBuildFile; fileRef = 14BD4E0229C42F0E00113DED /* ShowViewModel.swift */; };
		14DEC5CC29D0B958004AC6A3 /* LNPopupUI in Frameworks */ = {isa = PBXBuildFile; productRef = 14DEC5CB29D0B958004AC6A3 /* LNPopupUI */; };
		14DEC5CD29D0B973004AC6A3 /* LNPopupUI in Embed Frameworks */ = {isa = PBXBuildFile; productRef = 14DEC5CB29D0B958004AC6A3 /* LNPopupUI */; settings = {ATTRIBUTES = (CodeSignOnCopy, ); }; };
		14DEC5D029D0BF09004AC6A3 /* AirPlayButton.swift in Sources */ = {isa = PBXBuildFile; fileRef = 14DEC5CF29D0BF09004AC6A3 /* AirPlayButton.swift */; };
		14DEC5E029D0C060004AC6A3 /* Double+Extension.swift in Sources */ = {isa = PBXBuildFile; fileRef = 14DEC5D729D0C060004AC6A3 /* Double+Extension.swift */; };
		14DEC5E229D0C060004AC6A3 /* VolumeSlider.swift in Sources */ = {isa = PBXBuildFile; fileRef = 14DEC5D929D0C060004AC6A3 /* VolumeSlider.swift */; };
		14DEC5E429D0C060004AC6A3 /* CustomSlider.swift in Sources */ = {isa = PBXBuildFile; fileRef = 14DEC5DB29D0C060004AC6A3 /* CustomSlider.swift */; };
		14DEC5E729D0C060004AC6A3 /* MusicProgressSlider.swift in Sources */ = {isa = PBXBuildFile; fileRef = 14DEC5DF29D0C060004AC6A3 /* MusicProgressSlider.swift */; };
		14DEC5E929D0D474004AC6A3 /* VolumeObserver.swift in Sources */ = {isa = PBXBuildFile; fileRef = 14DEC5E829D0D474004AC6A3 /* VolumeObserver.swift */; };
		14DEC5F429D0F727004AC6A3 /* ArtistListViewModel.swift in Sources */ = {isa = PBXBuildFile; fileRef = 14DEC5F329D0F727004AC6A3 /* ArtistListViewModel.swift */; };
		14E585D02884D3FB00398AA9 /* UIImage+Color.swift in Sources */ = {isa = PBXBuildFile; fileRef = 14E585CF2884D3FB00398AA9 /* UIImage+Color.swift */; };
		14EA466F29D3F9FC00404608 /* AnimatedSpeakerIcon.swift in Sources */ = {isa = PBXBuildFile; fileRef = 14EA466E29D3F9FC00404608 /* AnimatedSpeakerIcon.swift */; };
		14EA467129D4A3E500404608 /* ArtistViewModel.swift in Sources */ = {isa = PBXBuildFile; fileRef = 14EA467029D4A3E500404608 /* ArtistViewModel.swift */; };
		14EA467529D4A77C00404608 /* YearViewModel.swift in Sources */ = {isa = PBXBuildFile; fileRef = 14EA467429D4A77C00404608 /* YearViewModel.swift */; };
/* End PBXBuildFile section */

/* Begin PBXContainerItemProxy section */
		14ADCBE9287D28A300152965 /* PBXContainerItemProxy */ = {
			isa = PBXContainerItemProxy;
			containerPortal = 14ADCBD0287D28A200152965 /* Project object */;
			proxyType = 1;
			remoteGlobalIDString = 14ADCBD7287D28A200152965;
			remoteInfo = Skydog;
		};
		14ADCBF3287D28A300152965 /* PBXContainerItemProxy */ = {
			isa = PBXContainerItemProxy;
			containerPortal = 14ADCBD0287D28A200152965 /* Project object */;
			proxyType = 1;
			remoteGlobalIDString = 14ADCBD7287D28A200152965;
			remoteInfo = Skydog;
		};
/* End PBXContainerItemProxy section */

/* Begin PBXCopyFilesBuildPhase section */
		14DEC5CE29D0B973004AC6A3 /* Embed Frameworks */ = {
			isa = PBXCopyFilesBuildPhase;
			buildActionMask = 2147483647;
			dstPath = "";
			dstSubfolderSpec = 10;
			files = (
				14DEC5CD29D0B973004AC6A3 /* LNPopupUI in Embed Frameworks */,
			);
			name = "Embed Frameworks";
			runOnlyForDeploymentPostprocessing = 0;
		};
/* End PBXCopyFilesBuildPhase section */

/* Begin PBXFileReference section */
		147349DF2928ABA700E4397B /* DataLoaderTests.swift */ = {isa = PBXFileReference; lastKnownFileType = sourcecode.swift; path = DataLoaderTests.swift; sourceTree = "<group>"; };
		149AEB6D29CFFC4B007BF3D3 /* PlayerView.swift */ = {isa = PBXFileReference; lastKnownFileType = sourcecode.swift; path = PlayerView.swift; sourceTree = "<group>"; };
		149AEB7229CFFCC9007BF3D3 /* BaseView.swift */ = {isa = PBXFileReference; lastKnownFileType = sourcecode.swift; path = BaseView.swift; sourceTree = "<group>"; };
		149AEB7729D004D8007BF3D3 /* MinimizedPlayerView.swift */ = {isa = PBXFileReference; lastKnownFileType = sourcecode.swift; path = MinimizedPlayerView.swift; sourceTree = "<group>"; };
		149AEB7929D00523007BF3D3 /* BottomButtons.swift */ = {isa = PBXFileReference; lastKnownFileType = sourcecode.swift; path = BottomButtons.swift; sourceTree = "<group>"; };
		149AEB7B29D0055E007BF3D3 /* PlayerControls.swift */ = {isa = PBXFileReference; lastKnownFileType = sourcecode.swift; path = PlayerControls.swift; sourceTree = "<group>"; };
		149AEB7D29D005D4007BF3D3 /* VolumeSliderView.swift */ = {isa = PBXFileReference; lastKnownFileType = sourcecode.swift; path = VolumeSliderView.swift; sourceTree = "<group>"; };
		14ADCBD8287D28A200152965 /* Skydog.app */ = {isa = PBXFileReference; explicitFileType = wrapper.application; includeInIndex = 0; path = Skydog.app; sourceTree = BUILT_PRODUCTS_DIR; };
		14ADCBDB287D28A200152965 /* SkydogApp.swift */ = {isa = PBXFileReference; lastKnownFileType = sourcecode.swift; path = SkydogApp.swift; sourceTree = "<group>"; };
		14ADCBDF287D28A300152965 /* Assets.xcassets */ = {isa = PBXFileReference; lastKnownFileType = folder.assetcatalog; path = Assets.xcassets; sourceTree = "<group>"; };
		14ADCBE2287D28A300152965 /* Preview Assets.xcassets */ = {isa = PBXFileReference; lastKnownFileType = folder.assetcatalog; path = "Preview Assets.xcassets"; sourceTree = "<group>"; };
		14ADCBE8287D28A300152965 /* SkydogTests.xctest */ = {isa = PBXFileReference; explicitFileType = wrapper.cfbundle; includeInIndex = 0; path = SkydogTests.xctest; sourceTree = BUILT_PRODUCTS_DIR; };
		14ADCBEC287D28A300152965 /* AudioPlayerTests.swift */ = {isa = PBXFileReference; lastKnownFileType = sourcecode.swift; path = AudioPlayerTests.swift; sourceTree = "<group>"; };
		14ADCBF2287D28A300152965 /* SkydogUITests.xctest */ = {isa = PBXFileReference; explicitFileType = wrapper.cfbundle; includeInIndex = 0; path = SkydogUITests.xctest; sourceTree = BUILT_PRODUCTS_DIR; };
		14ADCBF6287D28A300152965 /* SkydogUITests.swift */ = {isa = PBXFileReference; lastKnownFileType = sourcecode.swift; path = SkydogUITests.swift; sourceTree = "<group>"; };
		14ADCBF8287D28A300152965 /* SkydogUITestsLaunchTests.swift */ = {isa = PBXFileReference; lastKnownFileType = sourcecode.swift; path = SkydogUITestsLaunchTests.swift; sourceTree = "<group>"; };
		14ADCC06287D28EB00152965 /* String+Color.swift */ = {isa = PBXFileReference; fileEncoding = 4; lastKnownFileType = sourcecode.swift; path = "String+Color.swift"; sourceTree = "<group>"; };
		14ADCC08287D28EB00152965 /* ArtistList.swift */ = {isa = PBXFileReference; fileEncoding = 4; lastKnownFileType = sourcecode.swift; path = ArtistList.swift; sourceTree = "<group>"; };
		14ADCC09287D28EB00152965 /* SourceView.swift */ = {isa = PBXFileReference; fileEncoding = 4; lastKnownFileType = sourcecode.swift; path = SourceView.swift; sourceTree = "<group>"; };
		14ADCC0B287D28EB00152965 /* AlbumCell.swift */ = {isa = PBXFileReference; fileEncoding = 4; lastKnownFileType = sourcecode.swift; path = AlbumCell.swift; sourceTree = "<group>"; };
		14ADCC0C287D28EB00152965 /* YearCell.swift */ = {isa = PBXFileReference; fileEncoding = 4; lastKnownFileType = sourcecode.swift; path = YearCell.swift; sourceTree = "<group>"; };
		14ADCC0D287D28EB00152965 /* YearList.swift */ = {isa = PBXFileReference; fileEncoding = 4; lastKnownFileType = sourcecode.swift; path = YearList.swift; sourceTree = "<group>"; };
		14ADCC0E287D28EB00152965 /* SourcePicker.swift */ = {isa = PBXFileReference; fileEncoding = 4; lastKnownFileType = sourcecode.swift; path = SourcePicker.swift; sourceTree = "<group>"; };
		14ADCC10287D28EB00152965 /* HorizontalScrollView.swift */ = {isa = PBXFileReference; fileEncoding = 4; lastKnownFileType = sourcecode.swift; path = HorizontalScrollView.swift; sourceTree = "<group>"; };
		14ADCC11287D28EB00152965 /* ShowsScrollViewSection.swift */ = {isa = PBXFileReference; fileEncoding = 4; lastKnownFileType = sourcecode.swift; path = ShowsScrollViewSection.swift; sourceTree = "<group>"; };
		14ADCC12287D28EB00152965 /* ScrollViewHeader.swift */ = {isa = PBXFileReference; fileEncoding = 4; lastKnownFileType = sourcecode.swift; path = ScrollViewHeader.swift; sourceTree = "<group>"; };
		14ADCC13287D28EB00152965 /* YearView.swift */ = {isa = PBXFileReference; fileEncoding = 4; lastKnownFileType = sourcecode.swift; path = YearView.swift; sourceTree = "<group>"; };
		14ADCC14287D28EB00152965 /* ArtistView.swift */ = {isa = PBXFileReference; fileEncoding = 4; lastKnownFileType = sourcecode.swift; path = ArtistView.swift; sourceTree = "<group>"; };
		14ADCC15287D28EB00152965 /* ShowsList.swift */ = {isa = PBXFileReference; fileEncoding = 4; lastKnownFileType = sourcecode.swift; path = ShowsList.swift; sourceTree = "<group>"; };
		14ADCC17287D28EB00152965 /* SoundboardBadge.swift */ = {isa = PBXFileReference; fileEncoding = 4; lastKnownFileType = sourcecode.swift; path = SoundboardBadge.swift; sourceTree = "<group>"; };
		14ADCC18287D28EB00152965 /* RemasterBadge.swift */ = {isa = PBXFileReference; fileEncoding = 4; lastKnownFileType = sourcecode.swift; path = RemasterBadge.swift; sourceTree = "<group>"; };
		14ADCC1B287D28EB00152965 /* Source.swift */ = {isa = PBXFileReference; fileEncoding = 4; lastKnownFileType = sourcecode.swift; path = Source.swift; sourceTree = "<group>"; };
		14ADCC1C287D28EB00152965 /* Track.swift */ = {isa = PBXFileReference; fileEncoding = 4; lastKnownFileType = sourcecode.swift; path = Track.swift; sourceTree = "<group>"; };
		14ADCC1D287D28EB00152965 /* SourceSet.swift */ = {isa = PBXFileReference; fileEncoding = 4; lastKnownFileType = sourcecode.swift; path = SourceSet.swift; sourceTree = "<group>"; };
		14ADCC1E287D28EB00152965 /* Year.swift */ = {isa = PBXFileReference; fileEncoding = 4; lastKnownFileType = sourcecode.swift; path = Year.swift; sourceTree = "<group>"; };
		14ADCC1F287D28EB00152965 /* Venue.swift */ = {isa = PBXFileReference; fileEncoding = 4; lastKnownFileType = sourcecode.swift; path = Venue.swift; sourceTree = "<group>"; };
		14ADCC20287D28EB00152965 /* Artist.swift */ = {isa = PBXFileReference; fileEncoding = 4; lastKnownFileType = sourcecode.swift; path = Artist.swift; sourceTree = "<group>"; };
		14ADCC21287D28EB00152965 /* Show.swift */ = {isa = PBXFileReference; fileEncoding = 4; lastKnownFileType = sourcecode.swift; path = Show.swift; sourceTree = "<group>"; };
		14ADCC22287D28EB00152965 /* DataLoader.swift */ = {isa = PBXFileReference; fileEncoding = 4; lastKnownFileType = sourcecode.swift; path = DataLoader.swift; sourceTree = "<group>"; };
		14ADCC3B287E737600152965 /* AudioPlayer.swift */ = {isa = PBXFileReference; lastKnownFileType = sourcecode.swift; path = AudioPlayer.swift; sourceTree = "<group>"; };
		14ADCC3D287E794000152965 /* Info.plist */ = {isa = PBXFileReference; lastKnownFileType = text.plist; path = Info.plist; sourceTree = "<group>"; };
		14B144E829D10D9000A35245 /* AsyncContentView.swift */ = {isa = PBXFileReference; lastKnownFileType = sourcecode.swift; path = AsyncContentView.swift; sourceTree = "<group>"; };
		14B144EA29D1E03200A35245 /* SourceViewModel.swift */ = {isa = PBXFileReference; lastKnownFileType = sourcecode.swift; path = SourceViewModel.swift; sourceTree = "<group>"; };
		14B144EC29D1E40500A35245 /* SourcePickerViewModel.swift */ = {isa = PBXFileReference; lastKnownFileType = sourcecode.swift; path = SourcePickerViewModel.swift; sourceTree = "<group>"; };
		14B144EE29D1E6A300A35245 /* SourcePickerListItem.swift */ = {isa = PBXFileReference; lastKnownFileType = sourcecode.swift; path = SourcePickerListItem.swift; sourceTree = "<group>"; };
		14B144F029D1E7FD00A35245 /* SourceListItemViewModel.swift */ = {isa = PBXFileReference; lastKnownFileType = sourcecode.swift; path = SourceListItemViewModel.swift; sourceTree = "<group>"; };
		14B144F229D293C900A35245 /* PlaybackButton.swift */ = {isa = PBXFileReference; lastKnownFileType = sourcecode.swift; path = PlaybackButton.swift; sourceTree = "<group>"; };
		14B144F629D29F6C00A35245 /* UIImage+Text.swift */ = {isa = PBXFileReference; lastKnownFileType = sourcecode.swift; path = "UIImage+Text.swift"; sourceTree = "<group>"; };
		14BD4E0229C42F0E00113DED /* ShowViewModel.swift */ = {isa = PBXFileReference; lastKnownFileType = sourcecode.swift; path = ShowViewModel.swift; sourceTree = "<group>"; };
		14DEC5CF29D0BF09004AC6A3 /* AirPlayButton.swift */ = {isa = PBXFileReference; lastKnownFileType = sourcecode.swift; path = AirPlayButton.swift; sourceTree = "<group>"; };
		14DEC5D729D0C060004AC6A3 /* Double+Extension.swift */ = {isa = PBXFileReference; fileEncoding = 4; lastKnownFileType = sourcecode.swift; path = "Double+Extension.swift"; sourceTree = "<group>"; };
		14DEC5D929D0C060004AC6A3 /* VolumeSlider.swift */ = {isa = PBXFileReference; fileEncoding = 4; lastKnownFileType = sourcecode.swift; path = VolumeSlider.swift; sourceTree = "<group>"; };
		14DEC5DB29D0C060004AC6A3 /* CustomSlider.swift */ = {isa = PBXFileReference; fileEncoding = 4; lastKnownFileType = sourcecode.swift; path = CustomSlider.swift; sourceTree = "<group>"; };
		14DEC5DF29D0C060004AC6A3 /* MusicProgressSlider.swift */ = {isa = PBXFileReference; fileEncoding = 4; lastKnownFileType = sourcecode.swift; path = MusicProgressSlider.swift; sourceTree = "<group>"; };
		14DEC5E829D0D474004AC6A3 /* VolumeObserver.swift */ = {isa = PBXFileReference; lastKnownFileType = sourcecode.swift; path = VolumeObserver.swift; sourceTree = "<group>"; };
		14DEC5F329D0F727004AC6A3 /* ArtistListViewModel.swift */ = {isa = PBXFileReference; lastKnownFileType = sourcecode.swift; path = ArtistListViewModel.swift; sourceTree = "<group>"; };
		14E585CF2884D3FB00398AA9 /* UIImage+Color.swift */ = {isa = PBXFileReference; lastKnownFileType = sourcecode.swift; path = "UIImage+Color.swift"; sourceTree = "<group>"; };
		14EA466E29D3F9FC00404608 /* AnimatedSpeakerIcon.swift */ = {isa = PBXFileReference; lastKnownFileType = sourcecode.swift; path = AnimatedSpeakerIcon.swift; sourceTree = "<group>"; };
		14EA467029D4A3E500404608 /* ArtistViewModel.swift */ = {isa = PBXFileReference; lastKnownFileType = sourcecode.swift; path = ArtistViewModel.swift; sourceTree = "<group>"; };
		14EA467429D4A77C00404608 /* YearViewModel.swift */ = {isa = PBXFileReference; lastKnownFileType = sourcecode.swift; path = YearViewModel.swift; sourceTree = "<group>"; };
/* End PBXFileReference section */

/* Begin PBXFrameworksBuildPhase section */
		14ADCBD5287D28A200152965 /* Frameworks */ = {
			isa = PBXFrameworksBuildPhase;
			buildActionMask = 2147483647;
			files = (
				14DEC5CC29D0B958004AC6A3 /* LNPopupUI in Frameworks */,
			);
			runOnlyForDeploymentPostprocessing = 0;
		};
		14ADCBE5287D28A300152965 /* Frameworks */ = {
			isa = PBXFrameworksBuildPhase;
			buildActionMask = 2147483647;
			files = (
			);
			runOnlyForDeploymentPostprocessing = 0;
		};
		14ADCBEF287D28A300152965 /* Frameworks */ = {
			isa = PBXFrameworksBuildPhase;
			buildActionMask = 2147483647;
			files = (
			);
			runOnlyForDeploymentPostprocessing = 0;
		};
/* End PBXFrameworksBuildPhase section */

/* Begin PBXGroup section */
		149AEB7429CFFF41007BF3D3 /* PlayerView */ = {
			isa = PBXGroup;
			children = (
				149AEB6D29CFFC4B007BF3D3 /* PlayerView.swift */,
				149AEB7729D004D8007BF3D3 /* MinimizedPlayerView.swift */,
				149AEB7929D00523007BF3D3 /* BottomButtons.swift */,
				149AEB7B29D0055E007BF3D3 /* PlayerControls.swift */,
				149AEB7D29D005D4007BF3D3 /* VolumeSliderView.swift */,
				14DEC5CF29D0BF09004AC6A3 /* AirPlayButton.swift */,
			);
			path = PlayerView;
			sourceTree = "<group>";
		};
		14ADCBCF287D28A200152965 = {
			isa = PBXGroup;
			children = (
				14ADCBDA287D28A200152965 /* Skydog */,
				14ADCBEB287D28A300152965 /* SkydogTests */,
				14ADCBF5287D28A300152965 /* SkydogUITests */,
				14ADCBD9287D28A200152965 /* Products */,
			);
			sourceTree = "<group>";
		};
		14ADCBD9287D28A200152965 /* Products */ = {
			isa = PBXGroup;
			children = (
				14ADCBD8287D28A200152965 /* Skydog.app */,
				14ADCBE8287D28A300152965 /* SkydogTests.xctest */,
				14ADCBF2287D28A300152965 /* SkydogUITests.xctest */,
			);
			name = Products;
			sourceTree = "<group>";
		};
		14ADCBDA287D28A200152965 /* Skydog */ = {
			isa = PBXGroup;
			children = (
				14ADCC3D287E794000152965 /* Info.plist */,
				14ADCC3A287E734900152965 /* Classes */,
				14BD4DFF29C42E2C00113DED /* View Models */,
				14ADCC1A287D28EB00152965 /* Models */,
				14ADCC19287D28EB00152965 /* Service */,
				14ADCC05287D28EB00152965 /* Extensions */,
				14ADCC07287D28EB00152965 /* Views */,
				14ADCBDB287D28A200152965 /* SkydogApp.swift */,
				14ADCBDF287D28A300152965 /* Assets.xcassets */,
				14ADCBE1287D28A300152965 /* Preview Content */,
			);
			path = Skydog;
			sourceTree = "<group>";
		};
		14ADCBE1287D28A300152965 /* Preview Content */ = {
			isa = PBXGroup;
			children = (
				14ADCBE2287D28A300152965 /* Preview Assets.xcassets */,
			);
			path = "Preview Content";
			sourceTree = "<group>";
		};
		14ADCBEB287D28A300152965 /* SkydogTests */ = {
			isa = PBXGroup;
			children = (
				14ADCBEC287D28A300152965 /* AudioPlayerTests.swift */,
				147349DF2928ABA700E4397B /* DataLoaderTests.swift */,
			);
			path = SkydogTests;
			sourceTree = "<group>";
		};
		14ADCBF5287D28A300152965 /* SkydogUITests */ = {
			isa = PBXGroup;
			children = (
				14ADCBF6287D28A300152965 /* SkydogUITests.swift */,
				14ADCBF8287D28A300152965 /* SkydogUITestsLaunchTests.swift */,
			);
			path = SkydogUITests;
			sourceTree = "<group>";
		};
		14ADCC05287D28EB00152965 /* Extensions */ = {
			isa = PBXGroup;
			children = (
				14ADCC06287D28EB00152965 /* String+Color.swift */,
				14E585CF2884D3FB00398AA9 /* UIImage+Color.swift */,
				14B144F629D29F6C00A35245 /* UIImage+Text.swift */,
			);
			path = Extensions;
			sourceTree = "<group>";
		};
		14ADCC07287D28EB00152965 /* Views */ = {
			isa = PBXGroup;
			children = (
				14ADCC16287D28EB00152965 /* Badges */,
				14ADCC0A287D28EB00152965 /* Cells */,
				14ADCC0F287D28EB00152965 /* Components */,
				14ADCC08287D28EB00152965 /* ArtistList.swift */,
				14ADCC09287D28EB00152965 /* SourceView.swift */,
				14ADCC0D287D28EB00152965 /* YearList.swift */,
				14ADCC0E287D28EB00152965 /* SourcePicker.swift */,
				14ADCC13287D28EB00152965 /* YearView.swift */,
				14ADCC14287D28EB00152965 /* ArtistView.swift */,
				14ADCC15287D28EB00152965 /* ShowsList.swift */,
				149AEB7229CFFCC9007BF3D3 /* BaseView.swift */,
				14B144EE29D1E6A300A35245 /* SourcePickerListItem.swift */,
			);
			path = Views;
			sourceTree = "<group>";
		};
		14ADCC0A287D28EB00152965 /* Cells */ = {
			isa = PBXGroup;
			children = (
				14ADCC0B287D28EB00152965 /* AlbumCell.swift */,
				14ADCC0C287D28EB00152965 /* YearCell.swift */,
			);
			path = Cells;
			sourceTree = "<group>";
		};
		14ADCC0F287D28EB00152965 /* Components */ = {
			isa = PBXGroup;
			children = (
				14DEC5D529D0C054004AC6A3 /* Slider */,
				149AEB7429CFFF41007BF3D3 /* PlayerView */,
				14ADCC10287D28EB00152965 /* HorizontalScrollView.swift */,
				14ADCC11287D28EB00152965 /* ShowsScrollViewSection.swift */,
				14ADCC12287D28EB00152965 /* ScrollViewHeader.swift */,
				14B144E829D10D9000A35245 /* AsyncContentView.swift */,
				14B144F229D293C900A35245 /* PlaybackButton.swift */,
				14EA466E29D3F9FC00404608 /* AnimatedSpeakerIcon.swift */,
			);
			path = Components;
			sourceTree = "<group>";
		};
		14ADCC16287D28EB00152965 /* Badges */ = {
			isa = PBXGroup;
			children = (
				14ADCC17287D28EB00152965 /* SoundboardBadge.swift */,
				14ADCC18287D28EB00152965 /* RemasterBadge.swift */,
			);
			path = Badges;
			sourceTree = "<group>";
		};
		14ADCC19287D28EB00152965 /* Service */ = {
			isa = PBXGroup;
			children = (
				14ADCC22287D28EB00152965 /* DataLoader.swift */,
			);
			path = Service;
			sourceTree = "<group>";
		};
		14ADCC1A287D28EB00152965 /* Models */ = {
			isa = PBXGroup;
			children = (
				14ADCC1B287D28EB00152965 /* Source.swift */,
				14ADCC1C287D28EB00152965 /* Track.swift */,
				14ADCC1D287D28EB00152965 /* SourceSet.swift */,
				14ADCC1E287D28EB00152965 /* Year.swift */,
				14ADCC1F287D28EB00152965 /* Venue.swift */,
				14ADCC20287D28EB00152965 /* Artist.swift */,
				14ADCC21287D28EB00152965 /* Show.swift */,
			);
			path = Models;
			sourceTree = "<group>";
		};
		14ADCC3A287E734900152965 /* Classes */ = {
			isa = PBXGroup;
			children = (
				14ADCC3B287E737600152965 /* AudioPlayer.swift */,
				14DEC5E829D0D474004AC6A3 /* VolumeObserver.swift */,
			);
			path = Classes;
			sourceTree = "<group>";
		};
		14BD4DFF29C42E2C00113DED /* View Models */ = {
			isa = PBXGroup;
			children = (
				14BD4E0229C42F0E00113DED /* ShowViewModel.swift */,
				14DEC5F329D0F727004AC6A3 /* ArtistListViewModel.swift */,
				14B144EA29D1E03200A35245 /* SourceViewModel.swift */,
				14B144EC29D1E40500A35245 /* SourcePickerViewModel.swift */,
				14B144F029D1E7FD00A35245 /* SourceListItemViewModel.swift */,
				14EA467029D4A3E500404608 /* ArtistViewModel.swift */,
				14EA467429D4A77C00404608 /* YearViewModel.swift */,
			);
			path = "View Models";
			sourceTree = "<group>";
		};
		14DEC5D529D0C054004AC6A3 /* Slider */ = {
			isa = PBXGroup;
			children = (
				14DEC5D629D0C060004AC6A3 /* Extensions */,
				14DEC5DB29D0C060004AC6A3 /* CustomSlider.swift */,
				14DEC5DF29D0C060004AC6A3 /* MusicProgressSlider.swift */,
				14DEC5D929D0C060004AC6A3 /* VolumeSlider.swift */,
			);
			path = Slider;
			sourceTree = "<group>";
		};
		14DEC5D629D0C060004AC6A3 /* Extensions */ = {
			isa = PBXGroup;
			children = (
				14DEC5D729D0C060004AC6A3 /* Double+Extension.swift */,
			);
			path = Extensions;
			sourceTree = "<group>";
		};
/* End PBXGroup section */

/* Begin PBXNativeTarget section */
		14ADCBD7287D28A200152965 /* Skydog */ = {
			isa = PBXNativeTarget;
			buildConfigurationList = 14ADCBFC287D28A300152965 /* Build configuration list for PBXNativeTarget "Skydog" */;
			buildPhases = (
				14ADCBD4287D28A200152965 /* Sources */,
				14ADCBD5287D28A200152965 /* Frameworks */,
				14ADCBD6287D28A200152965 /* Resources */,
				14DEC5CE29D0B973004AC6A3 /* Embed Frameworks */,
			);
			buildRules = (
			);
			dependencies = (
			);
			name = Skydog;
			packageProductDependencies = (
				14DEC5CB29D0B958004AC6A3 /* LNPopupUI */,
			);
			productName = Skydog;
			productReference = 14ADCBD8287D28A200152965 /* Skydog.app */;
			productType = "com.apple.product-type.application";
		};
		14ADCBE7287D28A300152965 /* SkydogTests */ = {
			isa = PBXNativeTarget;
			buildConfigurationList = 14ADCBFF287D28A300152965 /* Build configuration list for PBXNativeTarget "SkydogTests" */;
			buildPhases = (
				14ADCBE4287D28A300152965 /* Sources */,
				14ADCBE5287D28A300152965 /* Frameworks */,
				14ADCBE6287D28A300152965 /* Resources */,
			);
			buildRules = (
			);
			dependencies = (
				14ADCBEA287D28A300152965 /* PBXTargetDependency */,
			);
			name = SkydogTests;
			productName = SkydogTests;
			productReference = 14ADCBE8287D28A300152965 /* SkydogTests.xctest */;
			productType = "com.apple.product-type.bundle.unit-test";
		};
		14ADCBF1287D28A300152965 /* SkydogUITests */ = {
			isa = PBXNativeTarget;
			buildConfigurationList = 14ADCC02287D28A300152965 /* Build configuration list for PBXNativeTarget "SkydogUITests" */;
			buildPhases = (
				14ADCBEE287D28A300152965 /* Sources */,
				14ADCBEF287D28A300152965 /* Frameworks */,
				14ADCBF0287D28A300152965 /* Resources */,
			);
			buildRules = (
			);
			dependencies = (
				14ADCBF4287D28A300152965 /* PBXTargetDependency */,
			);
			name = SkydogUITests;
			productName = SkydogUITests;
			productReference = 14ADCBF2287D28A300152965 /* SkydogUITests.xctest */;
			productType = "com.apple.product-type.bundle.ui-testing";
		};
/* End PBXNativeTarget section */

/* Begin PBXProject section */
		14ADCBD0287D28A200152965 /* Project object */ = {
			isa = PBXProject;
			attributes = {
				BuildIndependentTargetsInParallel = 1;
				LastSwiftUpdateCheck = 1340;
				LastUpgradeCheck = 1340;
				TargetAttributes = {
					14ADCBD7287D28A200152965 = {
						CreatedOnToolsVersion = 13.4.1;
					};
					14ADCBE7287D28A300152965 = {
						CreatedOnToolsVersion = 13.4.1;
						TestTargetID = 14ADCBD7287D28A200152965;
					};
					14ADCBF1287D28A300152965 = {
						CreatedOnToolsVersion = 13.4.1;
						TestTargetID = 14ADCBD7287D28A200152965;
					};
				};
			};
			buildConfigurationList = 14ADCBD3287D28A200152965 /* Build configuration list for PBXProject "Skydog" */;
			compatibilityVersion = "Xcode 13.0";
			developmentRegion = en;
			hasScannedForEncodings = 0;
			knownRegions = (
				en,
				Base,
			);
			mainGroup = 14ADCBCF287D28A200152965;
			packageReferences = (
				14DEC5CA29D0B958004AC6A3 /* XCRemoteSwiftPackageReference "LNPopupUI" */,
			);
			productRefGroup = 14ADCBD9287D28A200152965 /* Products */;
			projectDirPath = "";
			projectRoot = "";
			targets = (
				14ADCBD7287D28A200152965 /* Skydog */,
				14ADCBE7287D28A300152965 /* SkydogTests */,
				14ADCBF1287D28A300152965 /* SkydogUITests */,
			);
		};
/* End PBXProject section */

/* Begin PBXResourcesBuildPhase section */
		14ADCBD6287D28A200152965 /* Resources */ = {
			isa = PBXResourcesBuildPhase;
			buildActionMask = 2147483647;
			files = (
				14ADCBE3287D28A300152965 /* Preview Assets.xcassets in Resources */,
				14ADCBE0287D28A300152965 /* Assets.xcassets in Resources */,
			);
			runOnlyForDeploymentPostprocessing = 0;
		};
		14ADCBE6287D28A300152965 /* Resources */ = {
			isa = PBXResourcesBuildPhase;
			buildActionMask = 2147483647;
			files = (
			);
			runOnlyForDeploymentPostprocessing = 0;
		};
		14ADCBF0287D28A300152965 /* Resources */ = {
			isa = PBXResourcesBuildPhase;
			buildActionMask = 2147483647;
			files = (
			);
			runOnlyForDeploymentPostprocessing = 0;
		};
/* End PBXResourcesBuildPhase section */

/* Begin PBXSourcesBuildPhase section */
		14ADCBD4287D28A200152965 /* Sources */ = {
			isa = PBXSourcesBuildPhase;
			buildActionMask = 2147483647;
			files = (
				149AEB7A29D00523007BF3D3 /* BottomButtons.swift in Sources */,
				14ADCC24287D28EB00152965 /* ArtistList.swift in Sources */,
				14ADCBDC287D28A200152965 /* SkydogApp.swift in Sources */,
				14ADCC25287D28EB00152965 /* SourceView.swift in Sources */,
				14ADCC33287D28EB00152965 /* Track.swift in Sources */,
				14DEC5E229D0C060004AC6A3 /* VolumeSlider.swift in Sources */,
				14DEC5E029D0C060004AC6A3 /* Double+Extension.swift in Sources */,
				14B144F129D1E7FD00A35245 /* SourceListItemViewModel.swift in Sources */,
				14DEC5F429D0F727004AC6A3 /* ArtistListViewModel.swift in Sources */,
				14DEC5E929D0D474004AC6A3 /* VolumeObserver.swift in Sources */,
				14ADCC30287D28EB00152965 /* SoundboardBadge.swift in Sources */,
				14ADCC38287D28EB00152965 /* Show.swift in Sources */,
				14ADCC27287D28EB00152965 /* YearCell.swift in Sources */,
				14B144F729D29F6C00A35245 /* UIImage+Text.swift in Sources */,
				14DEC5E729D0C060004AC6A3 /* MusicProgressSlider.swift in Sources */,
				14DEC5D029D0BF09004AC6A3 /* AirPlayButton.swift in Sources */,
				149AEB7329CFFCC9007BF3D3 /* BaseView.swift in Sources */,
				14B144ED29D1E40500A35245 /* SourcePickerViewModel.swift in Sources */,
				14ADCC2B287D28EB00152965 /* ShowsScrollViewSection.swift in Sources */,
				14B144F329D293C900A35245 /* PlaybackButton.swift in Sources */,
				14ADCC2A287D28EB00152965 /* HorizontalScrollView.swift in Sources */,
				14ADCC31287D28EB00152965 /* RemasterBadge.swift in Sources */,
				14ADCC2D287D28EB00152965 /* YearView.swift in Sources */,
				14B144EB29D1E03200A35245 /* SourceViewModel.swift in Sources */,
				14ADCC34287D28EB00152965 /* SourceSet.swift in Sources */,
				14E585D02884D3FB00398AA9 /* UIImage+Color.swift in Sources */,
				14ADCC3C287E737600152965 /* AudioPlayer.swift in Sources */,
				14EA466F29D3F9FC00404608 /* AnimatedSpeakerIcon.swift in Sources */,
				14ADCC2F287D28EB00152965 /* ShowsList.swift in Sources */,
				149AEB7E29D005D4007BF3D3 /* VolumeSliderView.swift in Sources */,
				149AEB6E29CFFC4B007BF3D3 /* PlayerView.swift in Sources */,
				14ADCC37287D28EB00152965 /* Artist.swift in Sources */,
				149AEB7C29D0055E007BF3D3 /* PlayerControls.swift in Sources */,
				14ADCC35287D28EB00152965 /* Year.swift in Sources */,
				14ADCC29287D28EB00152965 /* SourcePicker.swift in Sources */,
				14ADCC36287D28EB00152965 /* Venue.swift in Sources */,
				14ADCC2E287D28EB00152965 /* ArtistView.swift in Sources */,
				14DEC5E429D0C060004AC6A3 /* CustomSlider.swift in Sources */,
				149AEB7829D004D8007BF3D3 /* MinimizedPlayerView.swift in Sources */,
				14B144EF29D1E6A300A35245 /* SourcePickerListItem.swift in Sources */,
				14ADCC2C287D28EB00152965 /* ScrollViewHeader.swift in Sources */,
				14ADCC39287D28EB00152965 /* DataLoader.swift in Sources */,
				14ADCC32287D28EB00152965 /* Source.swift in Sources */,
				14EA467529D4A77C00404608 /* YearViewModel.swift in Sources */,
				14B144E929D10D9000A35245 /* AsyncContentView.swift in Sources */,
				14ADCC28287D28EB00152965 /* YearList.swift in Sources */,
				14ADCC23287D28EB00152965 /* String+Color.swift in Sources */,
				14EA467129D4A3E500404608 /* ArtistViewModel.swift in Sources */,
				14ADCC26287D28EB00152965 /* AlbumCell.swift in Sources */,
				14BD4E0329C42F0E00113DED /* ShowViewModel.swift in Sources */,
			);
			runOnlyForDeploymentPostprocessing = 0;
		};
		14ADCBE4287D28A300152965 /* Sources */ = {
			isa = PBXSourcesBuildPhase;
			buildActionMask = 2147483647;
			files = (
				147349E02928ABA700E4397B /* DataLoaderTests.swift in Sources */,
				14ADCBED287D28A300152965 /* AudioPlayerTests.swift in Sources */,
			);
			runOnlyForDeploymentPostprocessing = 0;
		};
		14ADCBEE287D28A300152965 /* Sources */ = {
			isa = PBXSourcesBuildPhase;
			buildActionMask = 2147483647;
			files = (
				14ADCBF7287D28A300152965 /* SkydogUITests.swift in Sources */,
				14ADCBF9287D28A300152965 /* SkydogUITestsLaunchTests.swift in Sources */,
			);
			runOnlyForDeploymentPostprocessing = 0;
		};
/* End PBXSourcesBuildPhase section */

/* Begin PBXTargetDependency section */
		14ADCBEA287D28A300152965 /* PBXTargetDependency */ = {
			isa = PBXTargetDependency;
			target = 14ADCBD7287D28A200152965 /* Skydog */;
			targetProxy = 14ADCBE9287D28A300152965 /* PBXContainerItemProxy */;
		};
		14ADCBF4287D28A300152965 /* PBXTargetDependency */ = {
			isa = PBXTargetDependency;
			target = 14ADCBD7287D28A200152965 /* Skydog */;
			targetProxy = 14ADCBF3287D28A300152965 /* PBXContainerItemProxy */;
		};
/* End PBXTargetDependency section */

/* Begin XCBuildConfiguration section */
		14ADCBFA287D28A300152965 /* Debug */ = {
			isa = XCBuildConfiguration;
			buildSettings = {
				ALWAYS_SEARCH_USER_PATHS = NO;
				CLANG_ANALYZER_NONNULL = YES;
				CLANG_ANALYZER_NUMBER_OBJECT_CONVERSION = YES_AGGRESSIVE;
				CLANG_CXX_LANGUAGE_STANDARD = "gnu++17";
				CLANG_ENABLE_MODULES = YES;
				CLANG_ENABLE_OBJC_ARC = YES;
				CLANG_ENABLE_OBJC_WEAK = YES;
				CLANG_WARN_BLOCK_CAPTURE_AUTORELEASING = YES;
				CLANG_WARN_BOOL_CONVERSION = YES;
				CLANG_WARN_COMMA = YES;
				CLANG_WARN_CONSTANT_CONVERSION = YES;
				CLANG_WARN_DEPRECATED_OBJC_IMPLEMENTATIONS = YES;
				CLANG_WARN_DIRECT_OBJC_ISA_USAGE = YES_ERROR;
				CLANG_WARN_DOCUMENTATION_COMMENTS = YES;
				CLANG_WARN_EMPTY_BODY = YES;
				CLANG_WARN_ENUM_CONVERSION = YES;
				CLANG_WARN_INFINITE_RECURSION = YES;
				CLANG_WARN_INT_CONVERSION = YES;
				CLANG_WARN_NON_LITERAL_NULL_CONVERSION = YES;
				CLANG_WARN_OBJC_IMPLICIT_RETAIN_SELF = YES;
				CLANG_WARN_OBJC_LITERAL_CONVERSION = YES;
				CLANG_WARN_OBJC_ROOT_CLASS = YES_ERROR;
				CLANG_WARN_QUOTED_INCLUDE_IN_FRAMEWORK_HEADER = YES;
				CLANG_WARN_RANGE_LOOP_ANALYSIS = YES;
				CLANG_WARN_STRICT_PROTOTYPES = YES;
				CLANG_WARN_SUSPICIOUS_MOVE = YES;
				CLANG_WARN_UNGUARDED_AVAILABILITY = YES_AGGRESSIVE;
				CLANG_WARN_UNREACHABLE_CODE = YES;
				CLANG_WARN__DUPLICATE_METHOD_MATCH = YES;
				COPY_PHASE_STRIP = NO;
				DEBUG_INFORMATION_FORMAT = dwarf;
				ENABLE_STRICT_OBJC_MSGSEND = YES;
				ENABLE_TESTABILITY = YES;
				GCC_C_LANGUAGE_STANDARD = gnu11;
				GCC_DYNAMIC_NO_PIC = NO;
				GCC_NO_COMMON_BLOCKS = YES;
				GCC_OPTIMIZATION_LEVEL = 0;
				GCC_PREPROCESSOR_DEFINITIONS = (
					"DEBUG=1",
					"$(inherited)",
				);
				GCC_WARN_64_TO_32_BIT_CONVERSION = YES;
				GCC_WARN_ABOUT_RETURN_TYPE = YES_ERROR;
				GCC_WARN_UNDECLARED_SELECTOR = YES;
				GCC_WARN_UNINITIALIZED_AUTOS = YES_AGGRESSIVE;
				GCC_WARN_UNUSED_FUNCTION = YES;
				GCC_WARN_UNUSED_VARIABLE = YES;
				IPHONEOS_DEPLOYMENT_TARGET = 15.5;
				MTL_ENABLE_DEBUG_INFO = INCLUDE_SOURCE;
				MTL_FAST_MATH = YES;
				ONLY_ACTIVE_ARCH = YES;
				SDKROOT = iphoneos;
				SWIFT_ACTIVE_COMPILATION_CONDITIONS = DEBUG;
				SWIFT_OPTIMIZATION_LEVEL = "-Onone";
			};
			name = Debug;
		};
		14ADCBFB287D28A300152965 /* Release */ = {
			isa = XCBuildConfiguration;
			buildSettings = {
				ALWAYS_SEARCH_USER_PATHS = NO;
				CLANG_ANALYZER_NONNULL = YES;
				CLANG_ANALYZER_NUMBER_OBJECT_CONVERSION = YES_AGGRESSIVE;
				CLANG_CXX_LANGUAGE_STANDARD = "gnu++17";
				CLANG_ENABLE_MODULES = YES;
				CLANG_ENABLE_OBJC_ARC = YES;
				CLANG_ENABLE_OBJC_WEAK = YES;
				CLANG_WARN_BLOCK_CAPTURE_AUTORELEASING = YES;
				CLANG_WARN_BOOL_CONVERSION = YES;
				CLANG_WARN_COMMA = YES;
				CLANG_WARN_CONSTANT_CONVERSION = YES;
				CLANG_WARN_DEPRECATED_OBJC_IMPLEMENTATIONS = YES;
				CLANG_WARN_DIRECT_OBJC_ISA_USAGE = YES_ERROR;
				CLANG_WARN_DOCUMENTATION_COMMENTS = YES;
				CLANG_WARN_EMPTY_BODY = YES;
				CLANG_WARN_ENUM_CONVERSION = YES;
				CLANG_WARN_INFINITE_RECURSION = YES;
				CLANG_WARN_INT_CONVERSION = YES;
				CLANG_WARN_NON_LITERAL_NULL_CONVERSION = YES;
				CLANG_WARN_OBJC_IMPLICIT_RETAIN_SELF = YES;
				CLANG_WARN_OBJC_LITERAL_CONVERSION = YES;
				CLANG_WARN_OBJC_ROOT_CLASS = YES_ERROR;
				CLANG_WARN_QUOTED_INCLUDE_IN_FRAMEWORK_HEADER = YES;
				CLANG_WARN_RANGE_LOOP_ANALYSIS = YES;
				CLANG_WARN_STRICT_PROTOTYPES = YES;
				CLANG_WARN_SUSPICIOUS_MOVE = YES;
				CLANG_WARN_UNGUARDED_AVAILABILITY = YES_AGGRESSIVE;
				CLANG_WARN_UNREACHABLE_CODE = YES;
				CLANG_WARN__DUPLICATE_METHOD_MATCH = YES;
				COPY_PHASE_STRIP = NO;
				DEBUG_INFORMATION_FORMAT = "dwarf-with-dsym";
				ENABLE_NS_ASSERTIONS = NO;
				ENABLE_STRICT_OBJC_MSGSEND = YES;
				GCC_C_LANGUAGE_STANDARD = gnu11;
				GCC_NO_COMMON_BLOCKS = YES;
				GCC_WARN_64_TO_32_BIT_CONVERSION = YES;
				GCC_WARN_ABOUT_RETURN_TYPE = YES_ERROR;
				GCC_WARN_UNDECLARED_SELECTOR = YES;
				GCC_WARN_UNINITIALIZED_AUTOS = YES_AGGRESSIVE;
				GCC_WARN_UNUSED_FUNCTION = YES;
				GCC_WARN_UNUSED_VARIABLE = YES;
				IPHONEOS_DEPLOYMENT_TARGET = 15.5;
				MTL_ENABLE_DEBUG_INFO = NO;
				MTL_FAST_MATH = YES;
				SDKROOT = iphoneos;
				SWIFT_COMPILATION_MODE = wholemodule;
				SWIFT_OPTIMIZATION_LEVEL = "-O";
				VALIDATE_PRODUCT = YES;
			};
			name = Release;
		};
		14ADCBFD287D28A300152965 /* Debug */ = {
			isa = XCBuildConfiguration;
			buildSettings = {
				ASSETCATALOG_COMPILER_APPICON_NAME = AppIcon;
				ASSETCATALOG_COMPILER_GLOBAL_ACCENT_COLOR_NAME = AccentColor;
				CODE_SIGN_STYLE = Automatic;
				CURRENT_PROJECT_VERSION = 1;
				DEVELOPMENT_ASSET_PATHS = "\"Skydog/Preview Content\"";
				DEVELOPMENT_TEAM = H9X6NAZWVY;
				ENABLE_PREVIEWS = YES;
				GENERATE_INFOPLIST_FILE = YES;
				INFOPLIST_FILE = Skydog/Info.plist;
				INFOPLIST_KEY_UIApplicationSupportsIndirectInputEvents = YES;
				INFOPLIST_KEY_UILaunchScreen_Generation = YES;
				INFOPLIST_KEY_UISupportedInterfaceOrientations_iPad = "UIInterfaceOrientationPortrait UIInterfaceOrientationPortraitUpsideDown UIInterfaceOrientationLandscapeLeft UIInterfaceOrientationLandscapeRight";
				INFOPLIST_KEY_UISupportedInterfaceOrientations_iPhone = "UIInterfaceOrientationPortrait UIInterfaceOrientationLandscapeLeft UIInterfaceOrientationLandscapeRight";
				IPHONEOS_DEPLOYMENT_TARGET = 16.0;
				LD_RUNPATH_SEARCH_PATHS = (
					"$(inherited)",
					"@executable_path/Frameworks",
				);
				MARKETING_VERSION = 1.0;
				PRODUCT_BUNDLE_IDENTIFIER = com.hwanglee.Skydog;
				PRODUCT_NAME = "$(TARGET_NAME)";
				SWIFT_EMIT_LOC_STRINGS = YES;
				SWIFT_VERSION = 5.0;
				TARGETED_DEVICE_FAMILY = 1;
			};
			name = Debug;
		};
		14ADCBFE287D28A300152965 /* Release */ = {
			isa = XCBuildConfiguration;
			buildSettings = {
				ASSETCATALOG_COMPILER_APPICON_NAME = AppIcon;
				ASSETCATALOG_COMPILER_GLOBAL_ACCENT_COLOR_NAME = AccentColor;
				CODE_SIGN_STYLE = Automatic;
				CURRENT_PROJECT_VERSION = 1;
				DEVELOPMENT_ASSET_PATHS = "\"Skydog/Preview Content\"";
				DEVELOPMENT_TEAM = H9X6NAZWVY;
				ENABLE_PREVIEWS = YES;
				GENERATE_INFOPLIST_FILE = YES;
				INFOPLIST_FILE = Skydog/Info.plist;
				INFOPLIST_KEY_UIApplicationSupportsIndirectInputEvents = YES;
				INFOPLIST_KEY_UILaunchScreen_Generation = YES;
				INFOPLIST_KEY_UISupportedInterfaceOrientations_iPad = "UIInterfaceOrientationPortrait UIInterfaceOrientationPortraitUpsideDown UIInterfaceOrientationLandscapeLeft UIInterfaceOrientationLandscapeRight";
				INFOPLIST_KEY_UISupportedInterfaceOrientations_iPhone = "UIInterfaceOrientationPortrait UIInterfaceOrientationLandscapeLeft UIInterfaceOrientationLandscapeRight";
				IPHONEOS_DEPLOYMENT_TARGET = 16.0;
				LD_RUNPATH_SEARCH_PATHS = (
					"$(inherited)",
					"@executable_path/Frameworks",
				);
				MARKETING_VERSION = 1.0;
				PRODUCT_BUNDLE_IDENTIFIER = com.hwanglee.Skydog;
				PRODUCT_NAME = "$(TARGET_NAME)";
				SWIFT_EMIT_LOC_STRINGS = YES;
				SWIFT_VERSION = 5.0;
				TARGETED_DEVICE_FAMILY = 1;
			};
			name = Release;
		};
		14ADCC00287D28A300152965 /* Debug */ = {
			isa = XCBuildConfiguration;
			buildSettings = {
				ALWAYS_EMBED_SWIFT_STANDARD_LIBRARIES = YES;
				BUNDLE_LOADER = "$(TEST_HOST)";
				CODE_SIGN_STYLE = Automatic;
				CURRENT_PROJECT_VERSION = 1;
				DEVELOPMENT_TEAM = H9X6NAZWVY;
				GENERATE_INFOPLIST_FILE = YES;
				IPHONEOS_DEPLOYMENT_TARGET = 15.5;
				MARKETING_VERSION = 1.0;
				PRODUCT_BUNDLE_IDENTIFIER = com.hwanglee.SkydogTests;
				PRODUCT_NAME = "$(TARGET_NAME)";
				SWIFT_EMIT_LOC_STRINGS = NO;
				SWIFT_VERSION = 5.0;
				TARGETED_DEVICE_FAMILY = "1,2";
				TEST_HOST = "$(BUILT_PRODUCTS_DIR)/Skydog.app/Skydog";
			};
			name = Debug;
		};
		14ADCC01287D28A300152965 /* Release */ = {
			isa = XCBuildConfiguration;
			buildSettings = {
				ALWAYS_EMBED_SWIFT_STANDARD_LIBRARIES = YES;
				BUNDLE_LOADER = "$(TEST_HOST)";
				CODE_SIGN_STYLE = Automatic;
				CURRENT_PROJECT_VERSION = 1;
				DEVELOPMENT_TEAM = H9X6NAZWVY;
				GENERATE_INFOPLIST_FILE = YES;
				IPHONEOS_DEPLOYMENT_TARGET = 15.5;
				MARKETING_VERSION = 1.0;
				PRODUCT_BUNDLE_IDENTIFIER = com.hwanglee.SkydogTests;
				PRODUCT_NAME = "$(TARGET_NAME)";
				SWIFT_EMIT_LOC_STRINGS = NO;
				SWIFT_VERSION = 5.0;
				TARGETED_DEVICE_FAMILY = "1,2";
				TEST_HOST = "$(BUILT_PRODUCTS_DIR)/Skydog.app/Skydog";
			};
			name = Release;
		};
		14ADCC03287D28A300152965 /* Debug */ = {
			isa = XCBuildConfiguration;
			buildSettings = {
				ALWAYS_EMBED_SWIFT_STANDARD_LIBRARIES = YES;
				CODE_SIGN_STYLE = Automatic;
				CURRENT_PROJECT_VERSION = 1;
				DEVELOPMENT_TEAM = H9X6NAZWVY;
				GENERATE_INFOPLIST_FILE = YES;
				MARKETING_VERSION = 1.0;
				PRODUCT_BUNDLE_IDENTIFIER = com.hwanglee.SkydogUITests;
				PRODUCT_NAME = "$(TARGET_NAME)";
				SWIFT_EMIT_LOC_STRINGS = NO;
				SWIFT_VERSION = 5.0;
				TARGETED_DEVICE_FAMILY = "1,2";
				TEST_TARGET_NAME = Skydog;
			};
			name = Debug;
		};
		14ADCC04287D28A300152965 /* Release */ = {
			isa = XCBuildConfiguration;
			buildSettings = {
				ALWAYS_EMBED_SWIFT_STANDARD_LIBRARIES = YES;
				CODE_SIGN_STYLE = Automatic;
				CURRENT_PROJECT_VERSION = 1;
				DEVELOPMENT_TEAM = H9X6NAZWVY;
				GENERATE_INFOPLIST_FILE = YES;
				MARKETING_VERSION = 1.0;
				PRODUCT_BUNDLE_IDENTIFIER = com.hwanglee.SkydogUITests;
				PRODUCT_NAME = "$(TARGET_NAME)";
				SWIFT_EMIT_LOC_STRINGS = NO;
				SWIFT_VERSION = 5.0;
				TARGETED_DEVICE_FAMILY = "1,2";
				TEST_TARGET_NAME = Skydog;
			};
			name = Release;
		};
/* End XCBuildConfiguration section */

/* Begin XCConfigurationList section */
		14ADCBD3287D28A200152965 /* Build configuration list for PBXProject "Skydog" */ = {
			isa = XCConfigurationList;
			buildConfigurations = (
				14ADCBFA287D28A300152965 /* Debug */,
				14ADCBFB287D28A300152965 /* Release */,
			);
			defaultConfigurationIsVisible = 0;
			defaultConfigurationName = Release;
		};
		14ADCBFC287D28A300152965 /* Build configuration list for PBXNativeTarget "Skydog" */ = {
			isa = XCConfigurationList;
			buildConfigurations = (
				14ADCBFD287D28A300152965 /* Debug */,
				14ADCBFE287D28A300152965 /* Release */,
			);
			defaultConfigurationIsVisible = 0;
			defaultConfigurationName = Release;
		};
		14ADCBFF287D28A300152965 /* Build configuration list for PBXNativeTarget "SkydogTests" */ = {
			isa = XCConfigurationList;
			buildConfigurations = (
				14ADCC00287D28A300152965 /* Debug */,
				14ADCC01287D28A300152965 /* Release */,
			);
			defaultConfigurationIsVisible = 0;
			defaultConfigurationName = Release;
		};
		14ADCC02287D28A300152965 /* Build configuration list for PBXNativeTarget "SkydogUITests" */ = {
			isa = XCConfigurationList;
			buildConfigurations = (
				14ADCC03287D28A300152965 /* Debug */,
				14ADCC04287D28A300152965 /* Release */,
			);
			defaultConfigurationIsVisible = 0;
			defaultConfigurationName = Release;
		};
/* End XCConfigurationList section */

/* Begin XCRemoteSwiftPackageReference section */
		14DEC5CA29D0B958004AC6A3 /* XCRemoteSwiftPackageReference "LNPopupUI" */ = {
			isa = XCRemoteSwiftPackageReference;
			repositoryURL = "https://github.com/LeoNatan/LNPopupUI";
			requirement = {
				kind = upToNextMinorVersion;
				minimumVersion = 1.4.0;
			};
		};
/* End XCRemoteSwiftPackageReference section */

/* Begin XCSwiftPackageProductDependency section */
		14DEC5CB29D0B958004AC6A3 /* LNPopupUI */ = {
			isa = XCSwiftPackageProductDependency;
			package = 14DEC5CA29D0B958004AC6A3 /* XCRemoteSwiftPackageReference "LNPopupUI" */;
			productName = LNPopupUI;
		};
/* End XCSwiftPackageProductDependency section */
	};
	rootObject = 14ADCBD0287D28A200152965 /* Project object */;
}
